
Microsoft Visual Studio Solution File, Format Version 12.00
# Visual Studio Version 17
VisualStudioVersion = 17.0.32112.339
MinimumVisualStudioVersion = 10.0.40219.1
Project("{9A19103F-16F7-4668-BE54-9A1E7A4F7556}") = "My-Bot-Discord-CSharp", "My-Bot-Discord-CSharp\My-Bot-Discord-CSharp.csproj", "{D43CA2AF-D911-46D2-8A79-7B9A885A240F}"
EndProject
Project("{9A19103F-16F7-4668-BE54-9A1E7A4F7556}") = "ModuleBotClassLibrary", "ModuleBotClassLibrary\ModuleBotClassLibrary.csproj", "{1BA06437-ED3A-4C5C-A3C0-4520CC8D4313}"
EndProject
Project("{9A19103F-16F7-4668-BE54-9A1E7A4F7556}") = "BotClassLibrary", "BotClassLibrary\BotClassLibrary.csproj", "{1D0D63C8-88E5-4628-B934-B95911721D65}"
EndProject
Project("{9A19103F-16F7-4668-BE54-9A1E7A4F7556}") = "ReaderClassLibrary", "ReaderClassLibrary\ReaderClassLibrary.csproj", "{1FFC5D7D-DE9A-49CE-84CF-F822DCDE16DE}"
EndProject
Project("{9A19103F-16F7-4668-BE54-9A1E7A4F7556}") = "BusClassLibrary", "BusClassLibrary\BusClassLibrary.csproj", "{7A2FBB2D-6504-4DE1-9D61-C374E0D60999}"
EndProject
Project("{9A19103F-16F7-4668-BE54-9A1E7A4F7556}") = "ApiApplication", "ApiApplication\ApiApplication.csproj", "{17148760-A97B-4D65-83A6-54FF3AF109C8}"
EndProject
Project("{9A19103F-16F7-4668-BE54-9A1E7A4F7556}") = "BotDTOClassLibrary", "BotDTOClassLibrary\BotDTOClassLibrary.csproj", "{48A45467-576D-4213-AA1C-871B01F0A83F}"
EndProject
Project("{FAE04EC0-301F-11D3-BF4B-00C04F79EFBC}") = "EffectClassLibrary", "EffectClassLibrary\EffectClassLibrary.csproj", "{0ABBECC7-91EA-4D6C-BA72-D4C9140A3891}"
EndProject
Global
	GlobalSection(SolutionConfigurationPlatforms) = preSolution
		Debug|Any CPU = Debug|Any CPU
		Release|Any CPU = Release|Any CPU
	EndGlobalSection
	GlobalSection(ProjectConfigurationPlatforms) = postSolution
		{D43CA2AF-D911-46D2-8A79-7B9A885A240F}.Debug|Any CPU.ActiveCfg = Debug|Any CPU
		{D43CA2AF-D911-46D2-8A79-7B9A885A240F}.Debug|Any CPU.Build.0 = Debug|Any CPU
		{D43CA2AF-D911-46D2-8A79-7B9A885A240F}.Release|Any CPU.ActiveCfg = Release|Any CPU
		{D43CA2AF-D911-46D2-8A79-7B9A885A240F}.Release|Any CPU.Build.0 = Release|Any CPU
		{1BA06437-ED3A-4C5C-A3C0-4520CC8D4313}.Debug|Any CPU.ActiveCfg = Debug|Any CPU
		{1BA06437-ED3A-4C5C-A3C0-4520CC8D4313}.Debug|Any CPU.Build.0 = Debug|Any CPU
		{1BA06437-ED3A-4C5C-A3C0-4520CC8D4313}.Release|Any CPU.ActiveCfg = Release|Any CPU
		{1BA06437-ED3A-4C5C-A3C0-4520CC8D4313}.Release|Any CPU.Build.0 = Release|Any CPU
		{1D0D63C8-88E5-4628-B934-B95911721D65}.Debug|Any CPU.ActiveCfg = Debug|Any CPU
		{1D0D63C8-88E5-4628-B934-B95911721D65}.Debug|Any CPU.Build.0 = Debug|Any CPU
		{1D0D63C8-88E5-4628-B934-B95911721D65}.Release|Any CPU.ActiveCfg = Release|Any CPU
		{1D0D63C8-88E5-4628-B934-B95911721D65}.Release|Any CPU.Build.0 = Release|Any CPU
		{1FFC5D7D-DE9A-49CE-84CF-F822DCDE16DE}.Debug|Any CPU.ActiveCfg = Debug|Any CPU
		{1FFC5D7D-DE9A-49CE-84CF-F822DCDE16DE}.Debug|Any CPU.Build.0 = Debug|Any CPU
		{1FFC5D7D-DE9A-49CE-84CF-F822DCDE16DE}.Release|Any CPU.ActiveCfg = Release|Any CPU
		{1FFC5D7D-DE9A-49CE-84CF-F822DCDE16DE}.Release|Any CPU.Build.0 = Release|Any CPU
		{7A2FBB2D-6504-4DE1-9D61-C374E0D60999}.Debug|Any CPU.ActiveCfg = Debug|Any CPU
		{7A2FBB2D-6504-4DE1-9D61-C374E0D60999}.Debug|Any CPU.Build.0 = Debug|Any CPU
		{7A2FBB2D-6504-4DE1-9D61-C374E0D60999}.Release|Any CPU.ActiveCfg = Release|Any CPU
		{7A2FBB2D-6504-4DE1-9D61-C374E0D60999}.Release|Any CPU.Build.0 = Release|Any CPU
		{17148760-A97B-4D65-83A6-54FF3AF109C8}.Debug|Any CPU.ActiveCfg = Debug|Any CPU
		{17148760-A97B-4D65-83A6-54FF3AF109C8}.Debug|Any CPU.Build.0 = Debug|Any CPU
		{17148760-A97B-4D65-83A6-54FF3AF109C8}.Release|Any CPU.ActiveCfg = Release|Any CPU
		{17148760-A97B-4D65-83A6-54FF3AF109C8}.Release|Any CPU.Build.0 = Release|Any CPU
		{48A45467-576D-4213-AA1C-871B01F0A83F}.Debug|Any CPU.ActiveCfg = Debug|Any CPU
		{48A45467-576D-4213-AA1C-871B01F0A83F}.Debug|Any CPU.Build.0 = Debug|Any CPU
		{48A45467-576D-4213-AA1C-871B01F0A83F}.Release|Any CPU.ActiveCfg = Release|Any CPU
		{48A45467-576D-4213-AA1C-871B01F0A83F}.Release|Any CPU.Build.0 = Release|Any CPU
		{0ABBECC7-91EA-4D6C-BA72-D4C9140A3891}.Debug|Any CPU.ActiveCfg = Debug|Any CPU
		{0ABBECC7-91EA-4D6C-BA72-D4C9140A3891}.Debug|Any CPU.Build.0 = Debug|Any CPU
		{0ABBECC7-91EA-4D6C-BA72-D4C9140A3891}.Release|Any CPU.ActiveCfg = Release|Any CPU
		{0ABBECC7-91EA-4D6C-BA72-D4C9140A3891}.Release|Any CPU.Build.0 = Release|Any CPU
	EndGlobalSection
	GlobalSection(SolutionProperties) = preSolution
		HideSolutionNode = FALSE
	EndGlobalSection
	GlobalSection(ExtensibilityGlobals) = postSolution
		SolutionGuid = {C67C6AFF-316C-428C-B1A8-F015A5FC746B}
	EndGlobalSection
EndGlobal
